
Microsoft Visual Studio Solution File, Format Version 12.00
# Visual Studio Version 17
VisualStudioVersion = 17.14.36109.1 d17.14
MinimumVisualStudioVersion = 10.0.40219.1
Project("{FAE04EC0-301F-11D3-BF4B-00C04F79EFBC}") = "MauiAppLogin", "MauiAppLogin\MauiAppLogin.csproj", "{E0613311-5ADA-4F66-B085-07CABB4609D1}"
EndProject
Global
	GlobalSection(SolutionConfigurationPlatforms) = preSolution
		Debug|Any CPU = Debug|Any CPU
		Release|Any CPU = Release|Any CPU
	EndGlobalSection
	GlobalSection(ProjectConfigurationPlatforms) = postSolution
		{E0613311-5ADA-4F66-B085-07CABB4609D1}.Debug|Any CPU.ActiveCfg = Debug|Any CPU
		{E0613311-5ADA-4F66-B085-07CABB4609D1}.Debug|Any CPU.Build.0 = Debug|Any CPU
		{E0613311-5ADA-4F66-B085-07CABB4609D1}.Debug|Any CPU.Deploy.0 = Debug|Any CPU
		{E0613311-5ADA-4F66-B085-07CABB4609D1}.Release|Any CPU.ActiveCfg = Release|Any CPU
		{E0613311-5ADA-4F66-B085-07CABB4609D1}.Release|Any CPU.Build.0 = Release|Any CPU
		{E0613311-5ADA-4F66-B085-07CABB4609D1}.Release|Any CPU.Deploy.0 = Release|Any CPU
	EndGlobalSection
	GlobalSection(SolutionProperties) = preSolution
		HideSolutionNode = FALSE
	EndGlobalSection
	GlobalSection(ExtensibilityGlobals) = postSolution
		SolutionGuid = {A2A20EDA-0620-466A-A1EB-0841F0A61340}
	EndGlobalSection
EndGlobal
